
Microsoft Visual Studio Solution File, Format Version 12.00
# Visual Studio Version 17
VisualStudioVersion = 17.4.33213.308
MinimumVisualStudioVersion = 10.0.40219.1
Project("{2150E333-8FDC-42A3-9474-1A3956D46DE8}") = "src", "src", "{C51F5FA0-9918-475D-B050-9E40F80BEB58}"
EndProject
Project("{2150E333-8FDC-42A3-9474-1A3956D46DE8}") = "core", "core", "{E6614D86-2769-4123-BBF2-A7C9A695F765}"
EndProject
Project("{2150E333-8FDC-42A3-9474-1A3956D46DE8}") = "business", "business", "{8A6A0AC4-4CD9-4E9B-BFE6-8675446E9625}"
EndProject
Project("{9A19103F-16F7-4668-BE54-9A1E7A4F7556}") = "Domain", "src\Core\Domain\Domain.csproj", "{B8C439C9-2B47-496C-9D1C-1770B561B18A}"
EndProject
Project("{2150E333-8FDC-42A3-9474-1A3956D46DE8}") = "app", "app", "{394C2826-A266-4C69-AD81-81773233B943}"
EndProject
Project("{9A19103F-16F7-4668-BE54-9A1E7A4F7556}") = "DataReadLibrary", "src\Business\DataReadLibrary\DataReadLibrary.csproj", "{7EDBB6A8-E00A-4A36-ABBD-2FC02BAD8CCC}"
EndProject
Project("{9A19103F-16F7-4668-BE54-9A1E7A4F7556}") = "DynamoDBLibrary", "src\Business\DynamoDBLibrary\DynamoDBLibrary.csproj", "{259B91CF-BADA-4C47-AFA2-172B7FFCAA97}"
EndProject
Project("{9A19103F-16F7-4668-BE54-9A1E7A4F7556}") = "PublicApi", "src\App\PublicApi\PublicApi.csproj", "{50C98B62-B863-42E9-A8E3-B1BE76705502}"
EndProject
Global
	GlobalSection(SolutionConfigurationPlatforms) = preSolution
		Debug|Any CPU = Debug|Any CPU
		Release|Any CPU = Release|Any CPU
	EndGlobalSection
	GlobalSection(ProjectConfigurationPlatforms) = postSolution
		{B8C439C9-2B47-496C-9D1C-1770B561B18A}.Debug|Any CPU.ActiveCfg = Debug|Any CPU
		{B8C439C9-2B47-496C-9D1C-1770B561B18A}.Debug|Any CPU.Build.0 = Debug|Any CPU
		{B8C439C9-2B47-496C-9D1C-1770B561B18A}.Release|Any CPU.ActiveCfg = Release|Any CPU
		{B8C439C9-2B47-496C-9D1C-1770B561B18A}.Release|Any CPU.Build.0 = Release|Any CPU
		{7EDBB6A8-E00A-4A36-ABBD-2FC02BAD8CCC}.Debug|Any CPU.ActiveCfg = Debug|Any CPU
		{7EDBB6A8-E00A-4A36-ABBD-2FC02BAD8CCC}.Debug|Any CPU.Build.0 = Debug|Any CPU
		{7EDBB6A8-E00A-4A36-ABBD-2FC02BAD8CCC}.Release|Any CPU.ActiveCfg = Release|Any CPU
		{7EDBB6A8-E00A-4A36-ABBD-2FC02BAD8CCC}.Release|Any CPU.Build.0 = Release|Any CPU
		{259B91CF-BADA-4C47-AFA2-172B7FFCAA97}.Debug|Any CPU.ActiveCfg = Debug|Any CPU
		{259B91CF-BADA-4C47-AFA2-172B7FFCAA97}.Debug|Any CPU.Build.0 = Debug|Any CPU
		{259B91CF-BADA-4C47-AFA2-172B7FFCAA97}.Release|Any CPU.ActiveCfg = Release|Any CPU
		{259B91CF-BADA-4C47-AFA2-172B7FFCAA97}.Release|Any CPU.Build.0 = Release|Any CPU
		{50C98B62-B863-42E9-A8E3-B1BE76705502}.Debug|Any CPU.ActiveCfg = Debug|Any CPU
		{50C98B62-B863-42E9-A8E3-B1BE76705502}.Debug|Any CPU.Build.0 = Debug|Any CPU
		{50C98B62-B863-42E9-A8E3-B1BE76705502}.Release|Any CPU.ActiveCfg = Release|Any CPU
		{50C98B62-B863-42E9-A8E3-B1BE76705502}.Release|Any CPU.Build.0 = Release|Any CPU
	EndGlobalSection
	GlobalSection(SolutionProperties) = preSolution
		HideSolutionNode = FALSE
	EndGlobalSection
	GlobalSection(NestedProjects) = preSolution
		{E6614D86-2769-4123-BBF2-A7C9A695F765} = {C51F5FA0-9918-475D-B050-9E40F80BEB58}
		{8A6A0AC4-4CD9-4E9B-BFE6-8675446E9625} = {C51F5FA0-9918-475D-B050-9E40F80BEB58}
		{B8C439C9-2B47-496C-9D1C-1770B561B18A} = {E6614D86-2769-4123-BBF2-A7C9A695F765}
		{394C2826-A266-4C69-AD81-81773233B943} = {C51F5FA0-9918-475D-B050-9E40F80BEB58}
		{7EDBB6A8-E00A-4A36-ABBD-2FC02BAD8CCC} = {8A6A0AC4-4CD9-4E9B-BFE6-8675446E9625}
		{259B91CF-BADA-4C47-AFA2-172B7FFCAA97} = {8A6A0AC4-4CD9-4E9B-BFE6-8675446E9625}
		{50C98B62-B863-42E9-A8E3-B1BE76705502} = {394C2826-A266-4C69-AD81-81773233B943}
	EndGlobalSection
	GlobalSection(ExtensibilityGlobals) = postSolution
		SolutionGuid = {F367B762-3F2C-4D2C-9F9B-70401783A616}
	EndGlobalSection
EndGlobal
