
Microsoft Visual Studio Solution File, Format Version 12.00
# Visual Studio Version 17
VisualStudioVersion = 17.4.33213.308
MinimumVisualStudioVersion = 10.0.40219.1
Project("{9A19103F-16F7-4668-BE54-9A1E7A4F7556}") = "PublicApi", "PublicApi\PublicApi.csproj", "{F3A4478F-33FD-42AD-9251-6AC9F3921725}"
EndProject
Global
	GlobalSection(SolutionConfigurationPlatforms) = preSolution
		Debug|Any CPU = Debug|Any CPU
		Release|Any CPU = Release|Any CPU
	EndGlobalSection
	GlobalSection(ProjectConfigurationPlatforms) = postSolution
		{F3A4478F-33FD-42AD-9251-6AC9F3921725}.Debug|Any CPU.ActiveCfg = Debug|Any CPU
		{F3A4478F-33FD-42AD-9251-6AC9F3921725}.Debug|Any CPU.Build.0 = Debug|Any CPU
		{F3A4478F-33FD-42AD-9251-6AC9F3921725}.Release|Any CPU.ActiveCfg = Release|Any CPU
		{F3A4478F-33FD-42AD-9251-6AC9F3921725}.Release|Any CPU.Build.0 = Release|Any CPU
	EndGlobalSection
	GlobalSection(SolutionProperties) = preSolution
		HideSolutionNode = FALSE
	EndGlobalSection
	GlobalSection(ExtensibilityGlobals) = postSolution
		SolutionGuid = {F367B762-3F2C-4D2C-9F9B-70401783A616}
	EndGlobalSection
EndGlobal
